
Microsoft Visual Studio Solution File, Format Version 12.00
# Visual Studio Version 17
VisualStudioVersion = 17.7.34202.233
MinimumVisualStudioVersion = 10.0.40219.1
Project("{8BC9CEB8-8B4A-11D0-8D11-00A0C91BC942}") = "reduceDLL", "reduceDLL\reduceDLL.vcxproj", "{80E87929-3658-45BD-A31D-5375A63D1D91}"
EndProject
Global
	GlobalSection(SolutionConfigurationPlatforms) = preSolution
		Debug|x64 = Debug|x64
		Debug|x86 = Debug|x86
		Release|x64 = Release|x64
		Release|x86 = Release|x86
	EndGlobalSection
	GlobalSection(ProjectConfigurationPlatforms) = postSolution
		{80E87929-3658-45BD-A31D-5375A63D1D91}.Debug|x64.ActiveCfg = Debug|x64
		{80E87929-3658-45BD-A31D-5375A63D1D91}.Debug|x64.Build.0 = Debug|x64
		{80E87929-3658-45BD-A31D-5375A63D1D91}.Debug|x86.ActiveCfg = Debug|Win32
		{80E87929-3658-45BD-A31D-5375A63D1D91}.Debug|x86.Build.0 = Debug|Win32
		{80E87929-3658-45BD-A31D-5375A63D1D91}.Release|x64.ActiveCfg = Release|x64
		{80E87929-3658-45BD-A31D-5375A63D1D91}.Release|x64.Build.0 = Release|x64
		{80E87929-3658-45BD-A31D-5375A63D1D91}.Release|x86.ActiveCfg = Release|Win32
		{80E87929-3658-45BD-A31D-5375A63D1D91}.Release|x86.Build.0 = Release|Win32
	EndGlobalSection
	GlobalSection(SolutionProperties) = preSolution
		HideSolutionNode = FALSE
	EndGlobalSection
	GlobalSection(ExtensibilityGlobals) = postSolution
		SolutionGuid = {3449AF0E-64D5-454E-B87B-C795484AEC1B}
	EndGlobalSection
EndGlobal
